PODS:
  - AFNetworking (3.1.0):
    - AFNetworking/NSURLSession (= 3.1.0)
    - AFNetworking/Reachability (= 3.1.0)
    - AFNetworking/Security (= 3.1.0)
    - AFNetworking/Serialization (= 3.1.0)
    - AFNetworking/UIKit (= 3.1.0)
  - AFNetworking/NSURLSession (3.1.0):
    - AFNetworking/Reachability
    - AFNetworking/Security
    - AFNetworking/Serialization
  - AFNetworking/Reachability (3.1.0)
  - AFNetworking/Security (3.1.0)
  - AFNetworking/Serialization (3.1.0)
  - AFNetworking/UIKit (3.1.0):
    - AFNetworking/NSURLSession
  - MBProgressHUD (1.0.0)
  - mopub-ios-sdk (5.18.0):
    - mopub-ios-sdk/MoPubSDK (= 5.18.0)
  - mopub-ios-sdk/Core (5.18.0)
  - mopub-ios-sdk/MoPubSDK (5.18.0):
    - mopub-ios-sdk/Core
    - mopub-ios-sdk/NativeAds
  - mopub-ios-sdk/NativeAds (5.18.0):
    - mopub-ios-sdk/Core
  - SDWebImage (3.8.1):
    - SDWebImage/Core (= 3.8.1)
  - SDWebImage/Core (3.8.1)

DEPENDENCIES:
  - AFNetworking
  - MBProgressHUD
  - mopub-ios-sdk (~> 5.18.0)
  - SDWebImage

SPEC REPOS:
  https://github.com/CocoaPods/Specs.git:
    - AFNetworking
    - MBProgressHUD
    - mopub-ios-sdk
    - SDWebImage

SPEC CHECKSUMS:
  AFNetworking: 5e0e199f73d8626b11e79750991f5d173d1f8b67
  MBProgressHUD: 4890f671c94e8a0f3cf959aa731e9de2f036d71a
  mopub-ios-sdk: d7b533646d96a075e578e8af9598794f2dfb7f7b
  SDWebImage: 35f9627a3e44b4f292a8a8ce6a531fa488239b91

PODFILE CHECKSUM: ce95746e6271c58af06378620a7ed3bce03bfbff

COCOAPODS: 1.11.2
