PODS:
  - AFNetworking (4.0.1):
    - AFNetworking/NSURLSession (= 4.0.1)
    - AFNetworking/Reachability (= 4.0.1)
    - AFNetworking/Security (= 4.0.1)
    - AFNetworking/Serialization (= 4.0.1)
    - AFNetworking/UIKit (= 4.0.1)
  - AFNetworking/NSURLSession (4.0.1):
    - AFNetworking/Reachability
    - AFNetworking/Security
    - AFNetworking/Serialization
  - AFNetworking/Reachability (4.0.1)
  - AFNetworking/Security (4.0.1)
  - AFNetworking/Serialization (4.0.1)
  - AFNetworking/UIKit (4.0.1):
    - AFNetworking/NSURLSession
  - AotterTrek-iOS-SDK (3.9.2)
  - AotterTrekUID2SDK (0.3.0)
  - Google-Mobile-Ads-SDK (11.0.1):
    - GoogleUserMessagingPlatform (>= 1.1)
  - GoogleUserMessagingPlatform (2.1.0)
  - Masonry (1.1.0)
  - MBProgressHUD (1.2.0)
  - MJRefresh (3.7.6)
  - SDWebImage (5.18.11):
    - SDWebImage/Core (= 5.18.11)
  - SDWebImage/Core (5.18.11)
  - TrekSDKAdMobMediationObjc (1.1.1):
    - AotterTrek-iOS-SDK (>= 3.8.3)
    - Google-Mobile-Ads-SDK

DEPENDENCIES:
  - AFNetworking
  - AotterTrekUID2SDK
  - Masonry
  - MBProgressHUD
  - MJRefresh
  - SDWebImage
  - TrekSDKAdMobMediationObjc

SPEC REPOS:
  https://github.com/CocoaPods/Specs.git:
    - AFNetworking
    - AotterTrek-iOS-SDK
    - AotterTrekUID2SDK
    - Google-Mobile-Ads-SDK
    - GoogleUserMessagingPlatform
    - Masonry
    - MBProgressHUD
    - MJRefresh
    - SDWebImage
    - TrekSDKAdMobMediationObjc

SPEC CHECKSUMS:
  AFNetworking: 3bd23d814e976cd148d7d44c3ab78017b744cd58
  AotterTrek-iOS-SDK: 47c7ec74fe9c99ccbbd028a191dcc83d46817826
  AotterTrekUID2SDK: 8dc6378a62c9451ebd039833abdb40dd15dcce24
  Google-Mobile-Ads-SDK: 7a466427864972f5229f1f89d004b998a28ddcae
  GoogleUserMessagingPlatform: dce302b8f1b84d6e945812ee7a15c3f65a102cbf
  Masonry: 678fab65091a9290e40e2832a55e7ab731aad201
  MBProgressHUD: 3ee5efcc380f6a79a7cc9b363dd669c5e1ae7406
  MJRefresh: 2fe7fb43a5167ceda20bb7e63f130c04fd1814a5
  SDWebImage: a3ba0b8faac7228c3c8eadd1a55c9c9fe5e16457
  TrekSDKAdMobMediationObjc: 758815118885b5beac1380aca27c36348d2510d3

PODFILE CHECKSUM: 603c020f8325c98f6bdab56d2a4f641f6ab9e348

COCOAPODS: 1.14.3
