// !$*UTF8*$!
{
	archiveVersion = 1;
	classes = {
	};
	objectVersion = 52;
	objects = {

/* Begin PBXBuildFile section */
		0823B8ED263AA2A000B12A8F /* AdItemViewController.xib in Resources */ = {isa = PBXBuildFile; fileRef = 0823B8EA263AA2A000B12A8F /* AdItemViewController.xib */; };
		0823B8EE263AA2A000B12A8F /* AdItemViewController.m in Sources */ = {isa = PBXBuildFile; fileRef = 0823B8EC263AA2A000B12A8F /* AdItemViewController.m */; };
		0823B8F3263AAC8D00B12A8F /* TrackerViewController.m in Sources */ = {isa = PBXBuildFile; fileRef = 0823B8F1263AAC8D00B12A8F /* TrackerViewController.m */; };
		0823B8F4263AAC8D00B12A8F /* TrackerViewController.xib in Resources */ = {isa = PBXBuildFile; fileRef = 0823B8F2263AAC8D00B12A8F /* TrackerViewController.xib */; };
		0823B8FA263AAD6900B12A8F /* TrackerDetailViewController.m in Sources */ = {isa = PBXBuildFile; fileRef = 0823B8F8263AAD6900B12A8F /* TrackerDetailViewController.m */; };
		0823B8FB263AAD6900B12A8F /* TrackerDetailViewController.xib in Resources */ = {isa = PBXBuildFile; fileRef = 0823B8F9263AAD6900B12A8F /* TrackerDetailViewController.xib */; };
		0823B902263AB52500B12A8F /* TrekSuprAdTableViewCell.m in Sources */ = {isa = PBXBuildFile; fileRef = 0823B900263AB52500B12A8F /* TrekSuprAdTableViewCell.m */; };
		0823B903263AB52500B12A8F /* TrekSuprAdTableViewCell.xib in Resources */ = {isa = PBXBuildFile; fileRef = 0823B901263AB52500B12A8F /* TrekSuprAdTableViewCell.xib */; };
		0828A6E7261472C90094D6FC /* DemoBannerAdViewController.m in Sources */ = {isa = PBXBuildFile; fileRef = 0828A6E5261472C90094D6FC /* DemoBannerAdViewController.m */; };
		0828A6E8261472C90094D6FC /* DemoBannerAdViewController.xib in Resources */ = {isa = PBXBuildFile; fileRef = 0828A6E6261472C90094D6FC /* DemoBannerAdViewController.xib */; };
		087B0FC226E9B33C00DD624E /* empty.swift in Sources */ = {isa = PBXBuildFile; fileRef = 087B0FC126E9B33C00DD624E /* empty.swift */; };
		116F19DC22E8645700678B50 /* SystemConfiguration.framework in Frameworks */ = {isa = PBXBuildFile; fileRef = 116F19DB22E8645700678B50 /* SystemConfiguration.framework */; };
		116F19DE22E8648200678B50 /* Foundation.framework in Frameworks */ = {isa = PBXBuildFile; fileRef = 116F19DD22E8648200678B50 /* Foundation.framework */; };
		116F19E022E8648B00678B50 /* UIKit.framework in Frameworks */ = {isa = PBXBuildFile; fileRef = 116F19DF22E8648B00678B50 /* UIKit.framework */; };
		1197132E1D645B2B0094D71C /* CoreTelephony.framework in Frameworks */ = {isa = PBXBuildFile; fileRef = 1197132D1D645B2B0094D71C /* CoreTelephony.framework */; };
		11A784E325136839009E6712 /* AppTrackingTransparency.framework in Frameworks */ = {isa = PBXBuildFile; fileRef = 11A784E225136839009E6712 /* AppTrackingTransparency.framework */; };
		11B4639E1D51C962007591CE /* main.m in Sources */ = {isa = PBXBuildFile; fileRef = 11B4639D1D51C962007591CE /* main.m */; };
		11B463A11D51C962007591CE /* AppDelegate.m in Sources */ = {isa = PBXBuildFile; fileRef = 11B463A01D51C962007591CE /* AppDelegate.m */; };
		11B463A71D51C962007591CE /* Main.storyboard in Resources */ = {isa = PBXBuildFile; fileRef = 11B463A51D51C962007591CE /* Main.storyboard */; };
		11B463A91D51C962007591CE /* Assets.xcassets in Resources */ = {isa = PBXBuildFile; fileRef = 11B463A81D51C962007591CE /* Assets.xcassets */; };
		11B463AC1D51C962007591CE /* LaunchScreen.storyboard in Resources */ = {isa = PBXBuildFile; fileRef = 11B463AA1D51C962007591CE /* LaunchScreen.storyboard */; };
		11B463B61D51CAEB007591CE /* PostTableViewCell.m in Sources */ = {isa = PBXBuildFile; fileRef = 11B463B41D51CAEB007591CE /* PostTableViewCell.m */; };
		11B463B71D51CAEB007591CE /* PostTableViewCell.xib in Resources */ = {isa = PBXBuildFile; fileRef = 11B463B51D51CAEB007591CE /* PostTableViewCell.xib */; };
		11B463BB1D51D123007591CE /* AdSupport.framework in Frameworks */ = {isa = PBXBuildFile; fileRef = 11B463BA1D51D123007591CE /* AdSupport.framework */; };
		11B463BD1D51D12B007591CE /* AVKit.framework in Frameworks */ = {isa = PBXBuildFile; fileRef = 11B463BC1D51D12B007591CE /* AVKit.framework */; };
		11B463BF1D51D132007591CE /* AVFoundation.framework in Frameworks */ = {isa = PBXBuildFile; fileRef = 11B463BE1D51D132007591CE /* AVFoundation.framework */; };
		11B463C11D51D13D007591CE /* CoreMedia.framework in Frameworks */ = {isa = PBXBuildFile; fileRef = 11B463C01D51D13D007591CE /* CoreMedia.framework */; };
		11B463C41D51D312007591CE /* MainPageViewController.m in Sources */ = {isa = PBXBuildFile; fileRef = 11B463C31D51D312007591CE /* MainPageViewController.m */; };
		11CF54AD288E7A7A00300A1A /* CoreMotion.framework in Frameworks */ = {isa = PBXBuildFile; fileRef = 11CF54AC288E7A7A00300A1A /* CoreMotion.framework */; };
		11E4EC5B22FC17E500BD194E /* DemoNativeAdViewController.m in Sources */ = {isa = PBXBuildFile; fileRef = 11E4EC5722FC17E400BD194E /* DemoNativeAdViewController.m */; };
		11E4EC5C22FC17E500BD194E /* DemoSuprAdViewController.m in Sources */ = {isa = PBXBuildFile; fileRef = 11E4EC5A22FC17E400BD194E /* DemoSuprAdViewController.m */; };
		11E4EC6022FC186F00BD194E /* CommonPostTableViewCell.m in Sources */ = {isa = PBXBuildFile; fileRef = 11E4EC5E22FC186E00BD194E /* CommonPostTableViewCell.m */; };
		11E4EC6122FC186F00BD194E /* CommonPostTableViewCell.xib in Resources */ = {isa = PBXBuildFile; fileRef = 11E4EC5F22FC186F00BD194E /* CommonPostTableViewCell.xib */; };
		3FD6BB292214154200E332B7 /* WebKit.framework in Frameworks */ = {isa = PBXBuildFile; fileRef = 3FD6BB282214154200E332B7 /* WebKit.framework */; };
		D45D86950F2F0D784A36C5FF /* libPods-AotterTrekSample.a in Frameworks */ = {isa = PBXBuildFile; fileRef = 3A5AE59297CF861213ED13E7 /* libPods-AotterTrekSample.a */; };
		E164EFA32A418848005B240B /* AdmobNativeAdDemoCell.m in Sources */ = {isa = PBXBuildFile; fileRef = E164EFA22A418848005B240B /* AdmobNativeAdDemoCell.m */; };
		E1774E5C2A1DCB7200428E13 /* AotterTrek-iOS-SDK.xcframework in Frameworks */ = {isa = PBXBuildFile; fileRef = E1774E5B2A1DCB7200428E13 /* AotterTrek-iOS-SDK.xcframework */; };
		E1D872682A3C2EE80007066E /* OMSDK_Aotternet.xcframework in Frameworks */ = {isa = PBXBuildFile; fileRef = E1D872672A3C2EE80007066E /* OMSDK_Aotternet.xcframework */; };
		E1D8726F2A400D940007066E /* AdmobNativeAdDemoVC.m in Sources */ = {isa = PBXBuildFile; fileRef = E1D8726E2A400D940007066E /* AdmobNativeAdDemoVC.m */; };
		E1D872752A400E0D0007066E /* AdmobBannerAdDemoVC.m in Sources */ = {isa = PBXBuildFile; fileRef = E1D872742A400E0D0007066E /* AdmobBannerAdDemoVC.m */; };
		E1D872782A400E290007066E /* AdmobSuprAdDemoVC.m in Sources */ = {isa = PBXBuildFile; fileRef = E1D872772A400E290007066E /* AdmobSuprAdDemoVC.m */; };
/* End PBXBuildFile section */

/* Begin PBXCopyFilesBuildPhase section */
		11D91DB5279C04820060B189 /* Embed Frameworks */ = {
			isa = PBXCopyFilesBuildPhase;
			buildActionMask = 2147483647;
			dstPath = "";
			dstSubfolderSpec = 10;
			files = (
			);
			name = "Embed Frameworks";
			runOnlyForDeploymentPostprocessing = 0;
		};
/* End PBXCopyFilesBuildPhase section */

/* Begin PBXFileReference section */
		07B8FC8636B099C7D8FC77BD /* Pods-AotterTrekSample.debug.xcconfig */ = {isa = PBXFileReference; includeInIndex = 1; lastKnownFileType = text.xcconfig; name = "Pods-AotterTrekSample.debug.xcconfig"; path = "Pods/Target Support Files/Pods-AotterTrekSample/Pods-AotterTrekSample.debug.xcconfig"; sourceTree = "<group>"; };
		0823B8EA263AA2A000B12A8F /* AdItemViewController.xib */ = {isa = PBXFileReference; fileEncoding = 4; lastKnownFileType = file.xib; path = AdItemViewController.xib; sourceTree = "<group>"; };
		0823B8EB263AA2A000B12A8F /* AdItemViewController.h */ = {isa = PBXFileReference; fileEncoding = 4; lastKnownFileType = sourcecode.c.h; path = AdItemViewController.h; sourceTree = "<group>"; };
		0823B8EC263AA2A000B12A8F /* AdItemViewController.m */ = {isa = PBXFileReference; fileEncoding = 4; lastKnownFileType = sourcecode.c.objc; path = AdItemViewController.m; sourceTree = "<group>"; };
		0823B8F0263AAC8D00B12A8F /* TrackerViewController.h */ = {isa = PBXFileReference; lastKnownFileType = sourcecode.c.h; path = TrackerViewController.h; sourceTree = "<group>"; };
		0823B8F1263AAC8D00B12A8F /* TrackerViewController.m */ = {isa = PBXFileReference; lastKnownFileType = sourcecode.c.objc; path = TrackerViewController.m; sourceTree = "<group>"; };
		0823B8F2263AAC8D00B12A8F /* TrackerViewController.xib */ = {isa = PBXFileReference; lastKnownFileType = file.xib; path = TrackerViewController.xib; sourceTree = "<group>"; };
		0823B8F7263AAD6900B12A8F /* TrackerDetailViewController.h */ = {isa = PBXFileReference; lastKnownFileType = sourcecode.c.h; path = TrackerDetailViewController.h; sourceTree = "<group>"; };
		0823B8F8263AAD6900B12A8F /* TrackerDetailViewController.m */ = {isa = PBXFileReference; lastKnownFileType = sourcecode.c.objc; path = TrackerDetailViewController.m; sourceTree = "<group>"; };
		0823B8F9263AAD6900B12A8F /* TrackerDetailViewController.xib */ = {isa = PBXFileReference; lastKnownFileType = file.xib; path = TrackerDetailViewController.xib; sourceTree = "<group>"; };
		0823B8FF263AB52500B12A8F /* TrekSuprAdTableViewCell.h */ = {isa = PBXFileReference; lastKnownFileType = sourcecode.c.h; path = TrekSuprAdTableViewCell.h; sourceTree = "<group>"; };
		0823B900263AB52500B12A8F /* TrekSuprAdTableViewCell.m */ = {isa = PBXFileReference; lastKnownFileType = sourcecode.c.objc; path = TrekSuprAdTableViewCell.m; sourceTree = "<group>"; };
		0823B901263AB52500B12A8F /* TrekSuprAdTableViewCell.xib */ = {isa = PBXFileReference; lastKnownFileType = file.xib; path = TrekSuprAdTableViewCell.xib; sourceTree = "<group>"; };
		0828A6E4261472C90094D6FC /* DemoBannerAdViewController.h */ = {isa = PBXFileReference; lastKnownFileType = sourcecode.c.h; path = DemoBannerAdViewController.h; sourceTree = "<group>"; };
		0828A6E5261472C90094D6FC /* DemoBannerAdViewController.m */ = {isa = PBXFileReference; lastKnownFileType = sourcecode.c.objc; path = DemoBannerAdViewController.m; sourceTree = "<group>"; };
		0828A6E6261472C90094D6FC /* DemoBannerAdViewController.xib */ = {isa = PBXFileReference; lastKnownFileType = file.xib; path = DemoBannerAdViewController.xib; sourceTree = "<group>"; };
		087B0FC026E9B33C00DD624E /* AotterTrekSample-Bridging-Header.h */ = {isa = PBXFileReference; lastKnownFileType = sourcecode.c.h; path = "AotterTrekSample-Bridging-Header.h"; sourceTree = "<group>"; };
		087B0FC126E9B33C00DD624E /* empty.swift */ = {isa = PBXFileReference; lastKnownFileType = sourcecode.swift; path = empty.swift; sourceTree = "<group>"; };
		116F19DB22E8645700678B50 /* SystemConfiguration.framework */ = {isa = PBXFileReference; lastKnownFileType = wrapper.framework; name = SystemConfiguration.framework; path = System/Library/Frameworks/SystemConfiguration.framework; sourceTree = SDKROOT; };
		116F19DD22E8648200678B50 /* Foundation.framework */ = {isa = PBXFileReference; lastKnownFileType = wrapper.framework; name = Foundation.framework; path = System/Library/Frameworks/Foundation.framework; sourceTree = SDKROOT; };
		116F19DF22E8648B00678B50 /* UIKit.framework */ = {isa = PBXFileReference; lastKnownFileType = wrapper.framework; name = UIKit.framework; path = System/Library/Frameworks/UIKit.framework; sourceTree = SDKROOT; };
		118EC69C23387DAB0019BEF1 /* AotterTrekNativeAdAdapter.h */ = {isa = PBXFileReference; fileEncoding = 4; lastKnownFileType = sourcecode.c.h; path = AotterTrekNativeAdAdapter.h; sourceTree = "<group>"; };
		118EC69D23387DAB0019BEF1 /* AotterTrekNativeCustomEvent.m */ = {isa = PBXFileReference; fileEncoding = 4; lastKnownFileType = sourcecode.c.objc; path = AotterTrekNativeCustomEvent.m; sourceTree = "<group>"; };
		118EC69E23387DAB0019BEF1 /* AotterTrekNativeAdRenderer.m */ = {isa = PBXFileReference; fileEncoding = 4; lastKnownFileType = sourcecode.c.objc; path = AotterTrekNativeAdRenderer.m; sourceTree = "<group>"; };
		118EC69F23387DAC0019BEF1 /* AotterTrekNativeAdAdapter.m */ = {isa = PBXFileReference; fileEncoding = 4; lastKnownFileType = sourcecode.c.objc; path = AotterTrekNativeAdAdapter.m; sourceTree = "<group>"; };
		118EC6A023387DAC0019BEF1 /* AotterTrekNativeAdRenderer.h */ = {isa = PBXFileReference; fileEncoding = 4; lastKnownFileType = sourcecode.c.h; path = AotterTrekNativeAdRenderer.h; sourceTree = "<group>"; };
		118EC6A123387DAC0019BEF1 /* AotterTrekNativeCustomEvent.h */ = {isa = PBXFileReference; fileEncoding = 4; lastKnownFileType = sourcecode.c.h; path = AotterTrekNativeCustomEvent.h; sourceTree = "<group>"; };
		1197132D1D645B2B0094D71C /* CoreTelephony.framework */ = {isa = PBXFileReference; lastKnownFileType = wrapper.framework; name = CoreTelephony.framework; path = System/Library/Frameworks/CoreTelephony.framework; sourceTree = SDKROOT; };
		11A784E225136839009E6712 /* AppTrackingTransparency.framework */ = {isa = PBXFileReference; lastKnownFileType = wrapper.framework; name = AppTrackingTransparency.framework; path = System/Library/Frameworks/AppTrackingTransparency.framework; sourceTree = SDKROOT; };
		11B463991D51C962007591CE /* AotterTrekSample.app */ = {isa = PBXFileReference; explicitFileType = wrapper.application; includeInIndex = 0; path = AotterTrekSample.app; sourceTree = BUILT_PRODUCTS_DIR; };
		11B4639D1D51C962007591CE /* main.m */ = {isa = PBXFileReference; lastKnownFileType = sourcecode.c.objc; path = main.m; sourceTree = "<group>"; };
		11B4639F1D51C962007591CE /* AppDelegate.h */ = {isa = PBXFileReference; lastKnownFileType = sourcecode.c.h; path = AppDelegate.h; sourceTree = "<group>"; };
		11B463A01D51C962007591CE /* AppDelegate.m */ = {isa = PBXFileReference; lastKnownFileType = sourcecode.c.objc; path = AppDelegate.m; sourceTree = "<group>"; };
		11B463A61D51C962007591CE /* Base */ = {isa = PBXFileReference; lastKnownFileType = file.storyboard; name = Base; path = Base.lproj/Main.storyboard; sourceTree = "<group>"; };
		11B463A81D51C962007591CE /* Assets.xcassets */ = {isa = PBXFileReference; lastKnownFileType = folder.assetcatalog; path = Assets.xcassets; sourceTree = "<group>"; };
		11B463AB1D51C962007591CE /* Base */ = {isa = PBXFileReference; lastKnownFileType = file.storyboard; name = Base; path = Base.lproj/LaunchScreen.storyboard; sourceTree = "<group>"; };
		11B463AD1D51C962007591CE /* Info.plist */ = {isa = PBXFileReference; lastKnownFileType = text.plist.xml; path = Info.plist; sourceTree = "<group>"; };
		11B463B31D51CAEB007591CE /* PostTableViewCell.h */ = {isa = PBXFileReference; fileEncoding = 4; lastKnownFileType = sourcecode.c.h; path = PostTableViewCell.h; sourceTree = "<group>"; };
		11B463B41D51CAEB007591CE /* PostTableViewCell.m */ = {isa = PBXFileReference; fileEncoding = 4; lastKnownFileType = sourcecode.c.objc; path = PostTableViewCell.m; sourceTree = "<group>"; };
		11B463B51D51CAEB007591CE /* PostTableViewCell.xib */ = {isa = PBXFileReference; fileEncoding = 4; lastKnownFileType = file.xib; path = PostTableViewCell.xib; sourceTree = "<group>"; };
		11B463BA1D51D123007591CE /* AdSupport.framework */ = {isa = PBXFileReference; lastKnownFileType = wrapper.framework; name = AdSupport.framework; path = System/Library/Frameworks/AdSupport.framework; sourceTree = SDKROOT; };
		11B463BC1D51D12B007591CE /* AVKit.framework */ = {isa = PBXFileReference; lastKnownFileType = wrapper.framework; name = AVKit.framework; path = System/Library/Frameworks/AVKit.framework; sourceTree = SDKROOT; };
		11B463BE1D51D132007591CE /* AVFoundation.framework */ = {isa = PBXFileReference; lastKnownFileType = wrapper.framework; name = AVFoundation.framework; path = System/Library/Frameworks/AVFoundation.framework; sourceTree = SDKROOT; };
		11B463C01D51D13D007591CE /* CoreMedia.framework */ = {isa = PBXFileReference; lastKnownFileType = wrapper.framework; name = CoreMedia.framework; path = System/Library/Frameworks/CoreMedia.framework; sourceTree = SDKROOT; };
		11B463C21D51D312007591CE /* MainPageViewController.h */ = {isa = PBXFileReference; fileEncoding = 4; lastKnownFileType = sourcecode.c.h; path = MainPageViewController.h; sourceTree = "<group>"; };
		11B463C31D51D312007591CE /* MainPageViewController.m */ = {isa = PBXFileReference; fileEncoding = 4; lastKnownFileType = sourcecode.c.objc; path = MainPageViewController.m; sourceTree = "<group>"; };
		11CF54AC288E7A7A00300A1A /* CoreMotion.framework */ = {isa = PBXFileReference; lastKnownFileType = wrapper.framework; name = CoreMotion.framework; path = System/Library/Frameworks/CoreMotion.framework; sourceTree = SDKROOT; };
		11E4EC5722FC17E400BD194E /* DemoNativeAdViewController.m */ = {isa = PBXFileReference; fileEncoding = 4; lastKnownFileType = sourcecode.c.objc; path = DemoNativeAdViewController.m; sourceTree = "<group>"; };
		11E4EC5822FC17E400BD194E /* DemoSuprAdViewController.h */ = {isa = PBXFileReference; fileEncoding = 4; lastKnownFileType = sourcecode.c.h; path = DemoSuprAdViewController.h; sourceTree = "<group>"; };
		11E4EC5922FC17E400BD194E /* DemoNativeAdViewController.h */ = {isa = PBXFileReference; fileEncoding = 4; lastKnownFileType = sourcecode.c.h; path = DemoNativeAdViewController.h; sourceTree = "<group>"; };
		11E4EC5A22FC17E400BD194E /* DemoSuprAdViewController.m */ = {isa = PBXFileReference; fileEncoding = 4; lastKnownFileType = sourcecode.c.objc; path = DemoSuprAdViewController.m; sourceTree = "<group>"; };
		11E4EC5D22FC186E00BD194E /* CommonPostTableViewCell.h */ = {isa = PBXFileReference; fileEncoding = 4; lastKnownFileType = sourcecode.c.h; path = CommonPostTableViewCell.h; sourceTree = "<group>"; };
		11E4EC5E22FC186E00BD194E /* CommonPostTableViewCell.m */ = {isa = PBXFileReference; fileEncoding = 4; lastKnownFileType = sourcecode.c.objc; path = CommonPostTableViewCell.m; sourceTree = "<group>"; };
		11E4EC5F22FC186F00BD194E /* CommonPostTableViewCell.xib */ = {isa = PBXFileReference; fileEncoding = 4; lastKnownFileType = file.xib; path = CommonPostTableViewCell.xib; sourceTree = "<group>"; };
		3A5AE59297CF861213ED13E7 /* libPods-AotterTrekSample.a */ = {isa = PBXFileReference; explicitFileType = archive.ar; includeInIndex = 0; path = "libPods-AotterTrekSample.a"; sourceTree = BUILT_PRODUCTS_DIR; };
		3FD6BB282214154200E332B7 /* WebKit.framework */ = {isa = PBXFileReference; lastKnownFileType = wrapper.framework; name = WebKit.framework; path = System/Library/Frameworks/WebKit.framework; sourceTree = SDKROOT; };
		564CBF65EBDA2DBCFCA8D894 /* Pods-AotterTrekSample.release.xcconfig */ = {isa = PBXFileReference; includeInIndex = 1; lastKnownFileType = text.xcconfig; name = "Pods-AotterTrekSample.release.xcconfig"; path = "Pods/Target Support Files/Pods-AotterTrekSample/Pods-AotterTrekSample.release.xcconfig"; sourceTree = "<group>"; };
		E164EFA12A418848005B240B /* AdmobNativeAdDemoCell.h */ = {isa = PBXFileReference; lastKnownFileType = sourcecode.c.h; path = AdmobNativeAdDemoCell.h; sourceTree = "<group>"; };
		E164EFA22A418848005B240B /* AdmobNativeAdDemoCell.m */ = {isa = PBXFileReference; lastKnownFileType = sourcecode.c.objc; path = AdmobNativeAdDemoCell.m; sourceTree = "<group>"; };
		E1774E5B2A1DCB7200428E13 /* AotterTrek-iOS-SDK.xcframework */ = {isa = PBXFileReference; lastKnownFileType = wrapper.xcframework; path = "AotterTrek-iOS-SDK.xcframework"; sourceTree = "<group>"; };
		E1D872672A3C2EE80007066E /* OMSDK_Aotternet.xcframework */ = {isa = PBXFileReference; lastKnownFileType = wrapper.xcframework; path = OMSDK_Aotternet.xcframework; sourceTree = "<group>"; };
		E1D8726D2A400D940007066E /* AdmobNativeAdDemoVC.h */ = {isa = PBXFileReference; fileEncoding = 4; lastKnownFileType = sourcecode.c.h; path = AdmobNativeAdDemoVC.h; sourceTree = "<group>"; };
		E1D8726E2A400D940007066E /* AdmobNativeAdDemoVC.m */ = {isa = PBXFileReference; fileEncoding = 4; lastKnownFileType = sourcecode.c.objc; path = AdmobNativeAdDemoVC.m; sourceTree = "<group>"; };
		E1D872732A400E0D0007066E /* AdmobBannerAdDemoVC.h */ = {isa = PBXFileReference; lastKnownFileType = sourcecode.c.h; path = AdmobBannerAdDemoVC.h; sourceTree = "<group>"; };
		E1D872742A400E0D0007066E /* AdmobBannerAdDemoVC.m */ = {isa = PBXFileReference; lastKnownFileType = sourcecode.c.objc; path = AdmobBannerAdDemoVC.m; sourceTree = "<group>"; };
		E1D872762A400E290007066E /* AdmobSuprAdDemoVC.h */ = {isa = PBXFileReference; lastKnownFileType = sourcecode.c.h; path = AdmobSuprAdDemoVC.h; sourceTree = "<group>"; };
		E1D872772A400E290007066E /* AdmobSuprAdDemoVC.m */ = {isa = PBXFileReference; lastKnownFileType = sourcecode.c.objc; path = AdmobSuprAdDemoVC.m; sourceTree = "<group>"; };
/* End PBXFileReference section */

/* Begin PBXFrameworksBuildPhase section */
		11B463961D51C962007591CE /* Frameworks */ = {
			isa = PBXFrameworksBuildPhase;
			buildActionMask = 2147483647;
			files = (
				11A784E325136839009E6712 /* AppTrackingTransparency.framework in Frameworks */,
				116F19E022E8648B00678B50 /* UIKit.framework in Frameworks */,
				116F19DE22E8648200678B50 /* Foundation.framework in Frameworks */,
				E1774E5C2A1DCB7200428E13 /* AotterTrek-iOS-SDK.xcframework in Frameworks */,
				116F19DC22E8645700678B50 /* SystemConfiguration.framework in Frameworks */,
				3FD6BB292214154200E332B7 /* WebKit.framework in Frameworks */,
				1197132E1D645B2B0094D71C /* CoreTelephony.framework in Frameworks */,
				11B463C11D51D13D007591CE /* CoreMedia.framework in Frameworks */,
				11B463BF1D51D132007591CE /* AVFoundation.framework in Frameworks */,
				11B463BD1D51D12B007591CE /* AVKit.framework in Frameworks */,
				11B463BB1D51D123007591CE /* AdSupport.framework in Frameworks */,
				E1D872682A3C2EE80007066E /* OMSDK_Aotternet.xcframework in Frameworks */,
				D45D86950F2F0D784A36C5FF /* libPods-AotterTrekSample.a in Frameworks */,
				11CF54AD288E7A7A00300A1A /* CoreMotion.framework in Frameworks */,
			);
			runOnlyForDeploymentPostprocessing = 0;
		};
/* End PBXFrameworksBuildPhase section */

/* Begin PBXGroup section */
		0823B8DF263A9F5900B12A8F /* ViewController */ = {
			isa = PBXGroup;
			children = (
				E1D8726B2A400D940007066E /* Admob */,
				0823B8E9263AA19800B12A8F /* AdItemViewController */,
				0823B8E1263A9FAD00B12A8F /* PageViewController */,
				0823B8E3263A9FDA00B12A8F /* TrackerDetailViewController */,
				0823B8E2263A9FBD00B12A8F /* TrackerViewController */,
				0823B8E4263A9FEE00B12A8F /* DemoNativeAdViewController */,
				0823B8E5263A9FFC00B12A8F /* DemoSuprAdViewController */,
				0823B8E6263AA01700B12A8F /* DemoBannerAdViewController */,
			);
			path = ViewController;
			sourceTree = "<group>";
		};
		0823B8E0263A9F7C00B12A8F /* Cell */ = {
			isa = PBXGroup;
			children = (
				11B463B31D51CAEB007591CE /* PostTableViewCell.h */,
				11B463B41D51CAEB007591CE /* PostTableViewCell.m */,
				11B463B51D51CAEB007591CE /* PostTableViewCell.xib */,
				11E4EC5D22FC186E00BD194E /* CommonPostTableViewCell.h */,
				11E4EC5E22FC186E00BD194E /* CommonPostTableViewCell.m */,
				11E4EC5F22FC186F00BD194E /* CommonPostTableViewCell.xib */,
				0823B8FF263AB52500B12A8F /* TrekSuprAdTableViewCell.h */,
				0823B900263AB52500B12A8F /* TrekSuprAdTableViewCell.m */,
				0823B901263AB52500B12A8F /* TrekSuprAdTableViewCell.xib */,
			);
			path = Cell;
			sourceTree = "<group>";
		};
		0823B8E1263A9FAD00B12A8F /* PageViewController */ = {
			isa = PBXGroup;
			children = (
				11B463C21D51D312007591CE /* MainPageViewController.h */,
				11B463C31D51D312007591CE /* MainPageViewController.m */,
			);
			path = PageViewController;
			sourceTree = "<group>";
		};
		0823B8E2263A9FBD00B12A8F /* TrackerViewController */ = {
			isa = PBXGroup;
			children = (
				0823B8F0263AAC8D00B12A8F /* TrackerViewController.h */,
				0823B8F1263AAC8D00B12A8F /* TrackerViewController.m */,
				0823B8F2263AAC8D00B12A8F /* TrackerViewController.xib */,
			);
			path = TrackerViewController;
			sourceTree = "<group>";
		};
		0823B8E3263A9FDA00B12A8F /* TrackerDetailViewController */ = {
			isa = PBXGroup;
			children = (
				0823B8F7263AAD6900B12A8F /* TrackerDetailViewController.h */,
				0823B8F8263AAD6900B12A8F /* TrackerDetailViewController.m */,
				0823B8F9263AAD6900B12A8F /* TrackerDetailViewController.xib */,
			);
			path = TrackerDetailViewController;
			sourceTree = "<group>";
		};
		0823B8E4263A9FEE00B12A8F /* DemoNativeAdViewController */ = {
			isa = PBXGroup;
			children = (
				11E4EC5922FC17E400BD194E /* DemoNativeAdViewController.h */,
				11E4EC5722FC17E400BD194E /* DemoNativeAdViewController.m */,
			);
			path = DemoNativeAdViewController;
			sourceTree = "<group>";
		};
		0823B8E5263A9FFC00B12A8F /* DemoSuprAdViewController */ = {
			isa = PBXGroup;
			children = (
				11E4EC5822FC17E400BD194E /* DemoSuprAdViewController.h */,
				11E4EC5A22FC17E400BD194E /* DemoSuprAdViewController.m */,
			);
			path = DemoSuprAdViewController;
			sourceTree = "<group>";
		};
		0823B8E6263AA01700B12A8F /* DemoBannerAdViewController */ = {
			isa = PBXGroup;
			children = (
				0828A6E4261472C90094D6FC /* DemoBannerAdViewController.h */,
				0828A6E5261472C90094D6FC /* DemoBannerAdViewController.m */,
				0828A6E6261472C90094D6FC /* DemoBannerAdViewController.xib */,
			);
			path = DemoBannerAdViewController;
			sourceTree = "<group>";
		};
		0823B8E9263AA19800B12A8F /* AdItemViewController */ = {
			isa = PBXGroup;
			children = (
				0823B8EB263AA2A000B12A8F /* AdItemViewController.h */,
				0823B8EC263AA2A000B12A8F /* AdItemViewController.m */,
				0823B8EA263AA2A000B12A8F /* AdItemViewController.xib */,
			);
			path = AdItemViewController;
			sourceTree = "<group>";
		};
		11B463901D51C962007591CE = {
			isa = PBXGroup;
			children = (
				087B0FC126E9B33C00DD624E /* empty.swift */,
				11B4639B1D51C962007591CE /* AotterTrekSample */,
				11B4639A1D51C962007591CE /* Products */,
				2D21BBD5518CC0F758B706A9 /* Pods */,
				A1C32F73D798C04D59CB4DAE /* Frameworks */,
				087B0FC026E9B33C00DD624E /* AotterTrekSample-Bridging-Header.h */,
			);
			sourceTree = "<group>";
		};
		11B4639A1D51C962007591CE /* Products */ = {
			isa = PBXGroup;
			children = (
				11B463991D51C962007591CE /* AotterTrekSample.app */,
			);
			name = Products;
			sourceTree = "<group>";
		};
		11B4639B1D51C962007591CE /* AotterTrekSample */ = {
			isa = PBXGroup;
			children = (
				E1774E5B2A1DCB7200428E13 /* AotterTrek-iOS-SDK.xcframework */,
				E1D872672A3C2EE80007066E /* OMSDK_Aotternet.xcframework */,
				0823B8DF263A9F5900B12A8F /* ViewController */,
				0823B8E0263A9F7C00B12A8F /* Cell */,
				11B4639F1D51C962007591CE /* AppDelegate.h */,
				11B463A01D51C962007591CE /* AppDelegate.m */,
				11B463A51D51C962007591CE /* Main.storyboard */,
				11F30D2B2306A98B00F97628 /* Mopub-meidation-intergarion */,
				11B463A81D51C962007591CE /* Assets.xcassets */,
				11B463AA1D51C962007591CE /* LaunchScreen.storyboard */,
				11B463AD1D51C962007591CE /* Info.plist */,
				11B4639C1D51C962007591CE /* Supporting Files */,
			);
			path = AotterTrekSample;
			sourceTree = "<group>";
		};
		11B4639C1D51C962007591CE /* Supporting Files */ = {
			isa = PBXGroup;
			children = (
				11B4639D1D51C962007591CE /* main.m */,
			);
			name = "Supporting Files";
			sourceTree = "<group>";
		};
		11F30D2B2306A98B00F97628 /* Mopub-meidation-intergarion */ = {
			isa = PBXGroup;
			children = (
				118EC69C23387DAB0019BEF1 /* AotterTrekNativeAdAdapter.h */,
				118EC69F23387DAC0019BEF1 /* AotterTrekNativeAdAdapter.m */,
				118EC6A123387DAC0019BEF1 /* AotterTrekNativeCustomEvent.h */,
				118EC69D23387DAB0019BEF1 /* AotterTrekNativeCustomEvent.m */,
				118EC6A023387DAC0019BEF1 /* AotterTrekNativeAdRenderer.h */,
				118EC69E23387DAB0019BEF1 /* AotterTrekNativeAdRenderer.m */,
			);
			path = "Mopub-meidation-intergarion";
			sourceTree = "<group>";
		};
		2D21BBD5518CC0F758B706A9 /* Pods */ = {
			isa = PBXGroup;
			children = (
				07B8FC8636B099C7D8FC77BD /* Pods-AotterTrekSample.debug.xcconfig */,
				564CBF65EBDA2DBCFCA8D894 /* Pods-AotterTrekSample.release.xcconfig */,
			);
			name = Pods;
			sourceTree = "<group>";
		};
		A1C32F73D798C04D59CB4DAE /* Frameworks */ = {
			isa = PBXGroup;
			children = (
				11CF54AC288E7A7A00300A1A /* CoreMotion.framework */,
				11A784E225136839009E6712 /* AppTrackingTransparency.framework */,
				116F19DF22E8648B00678B50 /* UIKit.framework */,
				116F19DD22E8648200678B50 /* Foundation.framework */,
				116F19DB22E8645700678B50 /* SystemConfiguration.framework */,
				3FD6BB282214154200E332B7 /* WebKit.framework */,
				1197132D1D645B2B0094D71C /* CoreTelephony.framework */,
				11B463C01D51D13D007591CE /* CoreMedia.framework */,
				11B463BE1D51D132007591CE /* AVFoundation.framework */,
				11B463BC1D51D12B007591CE /* AVKit.framework */,
				11B463BA1D51D123007591CE /* AdSupport.framework */,
				3A5AE59297CF861213ED13E7 /* libPods-AotterTrekSample.a */,
			);
			name = Frameworks;
			sourceTree = "<group>";
		};
		E1D8726B2A400D940007066E /* Admob */ = {
			isa = PBXGroup;
			children = (
				E1D872722A400DD00007066E /* BannerAd */,
				E1D872712A400DC40007066E /* SuprAd */,
				E1D8726C2A400D940007066E /* NativeAd */,
			);
			path = Admob;
			sourceTree = "<group>";
		};
		E1D8726C2A400D940007066E /* NativeAd */ = {
			isa = PBXGroup;
			children = (
				E1D8726D2A400D940007066E /* AdmobNativeAdDemoVC.h */,
				E1D8726E2A400D940007066E /* AdmobNativeAdDemoVC.m */,
				E164EFA12A418848005B240B /* AdmobNativeAdDemoCell.h */,
				E164EFA22A418848005B240B /* AdmobNativeAdDemoCell.m */,
			);
			path = NativeAd;
			sourceTree = "<group>";
		};
		E1D872712A400DC40007066E /* SuprAd */ = {
			isa = PBXGroup;
			children = (
				E1D872762A400E290007066E /* AdmobSuprAdDemoVC.h */,
				E1D872772A400E290007066E /* AdmobSuprAdDemoVC.m */,
			);
			path = SuprAd;
			sourceTree = "<group>";
		};
		E1D872722A400DD00007066E /* BannerAd */ = {
			isa = PBXGroup;
			children = (
				E1D872732A400E0D0007066E /* AdmobBannerAdDemoVC.h */,
				E1D872742A400E0D0007066E /* AdmobBannerAdDemoVC.m */,
			);
			path = BannerAd;
			sourceTree = "<group>";
		};
/* End PBXGroup section */

/* Begin PBXNativeTarget section */
		11B463981D51C962007591CE /* AotterTrekSample */ = {
			isa = PBXNativeTarget;
			buildConfigurationList = 11B463B01D51C962007591CE /* Build configuration list for PBXNativeTarget "AotterTrekSample" */;
			buildPhases = (
				75309124454CB02FC41DB2B7 /* [CP] Check Pods Manifest.lock */,
				11B463951D51C962007591CE /* Sources */,
				11B463961D51C962007591CE /* Frameworks */,
				11B463971D51C962007591CE /* Resources */,
				11D91DB5279C04820060B189 /* Embed Frameworks */,
				7842633907A7CAA4E419FDE6 /* [CP] Embed Pods Frameworks */,
				43E5E91AE1C8438576A7E966 /* [CP] Copy Pods Resources */,
			);
			buildRules = (
			);
			dependencies = (
			);
			name = AotterTrekSample;
			productName = AotterTrekSample;
			productReference = 11B463991D51C962007591CE /* AotterTrekSample.app */;
			productType = "com.apple.product-type.application";
		};
/* End PBXNativeTarget section */

/* Begin PBXProject section */
		11B463911D51C962007591CE /* Project object */ = {
			isa = PBXProject;
			attributes = {
				LastUpgradeCheck = 0730;
				ORGANIZATIONNAME = Aotter;
				TargetAttributes = {
					11B463981D51C962007591CE = {
						CreatedOnToolsVersion = 7.3.1;
						DevelopmentTeam = UX5VYFQ2PJ;
						LastSwiftMigration = 1250;
					};
				};
			};
			buildConfigurationList = 11B463941D51C962007591CE /* Build configuration list for PBXProject "AotterTrekSample" */;
			compatibilityVersion = "Xcode 3.2";
			developmentRegion = English;
			hasScannedForEncodings = 0;
			knownRegions = (
				English,
				en,
				Base,
			);
			mainGroup = 11B463901D51C962007591CE;
			productRefGroup = 11B4639A1D51C962007591CE /* Products */;
			projectDirPath = "";
			projectRoot = "";
			targets = (
				11B463981D51C962007591CE /* AotterTrekSample */,
			);
		};
/* End PBXProject section */

/* Begin PBXResourcesBuildPhase section */
		11B463971D51C962007591CE /* Resources */ = {
			isa = PBXResourcesBuildPhase;
			buildActionMask = 2147483647;
			files = (
				0823B903263AB52500B12A8F /* TrekSuprAdTableViewCell.xib in Resources */,
				0828A6E8261472C90094D6FC /* DemoBannerAdViewController.xib in Resources */,
				0823B8ED263AA2A000B12A8F /* AdItemViewController.xib in Resources */,
				0823B8FB263AAD6900B12A8F /* TrackerDetailViewController.xib in Resources */,
				11E4EC6122FC186F00BD194E /* CommonPostTableViewCell.xib in Resources */,
				11B463AC1D51C962007591CE /* LaunchScreen.storyboard in Resources */,
				11B463A91D51C962007591CE /* Assets.xcassets in Resources */,
				0823B8F4263AAC8D00B12A8F /* TrackerViewController.xib in Resources */,
				11B463A71D51C962007591CE /* Main.storyboard in Resources */,
				11B463B71D51CAEB007591CE /* PostTableViewCell.xib in Resources */,
			);
			runOnlyForDeploymentPostprocessing = 0;
		};
/* End PBXResourcesBuildPhase section */

/* Begin PBXShellScriptBuildPhase section */
		43E5E91AE1C8438576A7E966 /* [CP] Copy Pods Resources */ = {
			isa = PBXShellScriptBuildPhase;
			buildActionMask = 2147483647;
			files = (
			);
			inputPaths = (
				"${PODS_ROOT}/Target Support Files/Pods-AotterTrekSample/Pods-AotterTrekSample-resources.sh",
				"${PODS_ROOT}/MJRefresh/MJRefresh/MJRefresh.bundle",
			);
			name = "[CP] Copy Pods Resources";
			outputPaths = (
				"${TARGET_BUILD_DIR}/${UNLOCALIZED_RESOURCES_FOLDER_PATH}/MJRefresh.bundle",
			);
			runOnlyForDeploymentPostprocessing = 0;
			shellPath = /bin/sh;
			shellScript = "\"${PODS_ROOT}/Target Support Files/Pods-AotterTrekSample/Pods-AotterTrekSample-resources.sh\"\n";
			showEnvVarsInLog = 0;
		};
		75309124454CB02FC41DB2B7 /* [CP] Check Pods Manifest.lock */ = {
			isa = PBXShellScriptBuildPhase;
			buildActionMask = 2147483647;
			files = (
			);
			inputPaths = (
				"${PODS_PODFILE_DIR_PATH}/Podfile.lock",
				"${PODS_ROOT}/Manifest.lock",
			);
			name = "[CP] Check Pods Manifest.lock";
			outputPaths = (
				"$(DERIVED_FILE_DIR)/Pods-AotterTrekSample-checkManifestLockResult.txt",
			);
			runOnlyForDeploymentPostprocessing = 0;
			shellPath = /bin/sh;
			shellScript = "diff \"${PODS_PODFILE_DIR_PATH}/Podfile.lock\" \"${PODS_ROOT}/Manifest.lock\" > /dev/null\nif [ $? != 0 ] ; then\n    # print error to STDERR\n    echo \"error: The sandbox is not in sync with the Podfile.lock. Run 'pod install' or update your CocoaPods installation.\" >&2\n    exit 1\nfi\n# This output is used by Xcode 'outputs' to avoid re-running this script phase.\necho \"SUCCESS\" > \"${SCRIPT_OUTPUT_FILE_0}\"\n";
			showEnvVarsInLog = 0;
		};
		7842633907A7CAA4E419FDE6 /* [CP] Embed Pods Frameworks */ = {
			isa = PBXShellScriptBuildPhase;
			buildActionMask = 2147483647;
			files = (
			);
			inputPaths = (
				"${PODS_ROOT}/Target Support Files/Pods-AotterTrekSample/Pods-AotterTrekSample-frameworks.sh",
				"${PODS_XCFRAMEWORKS_BUILD_DIR}/AotterTrek-iOS-SDK/OMSDK_Aotternet.framework/OMSDK_Aotternet",
			);
			name = "[CP] Embed Pods Frameworks";
			outputPaths = (
				"${TARGET_BUILD_DIR}/${FRAMEWORKS_FOLDER_PATH}/OMSDK_Aotternet.framework",
			);
			runOnlyForDeploymentPostprocessing = 0;
			shellPath = /bin/sh;
			shellScript = "\"${PODS_ROOT}/Target Support Files/Pods-AotterTrekSample/Pods-AotterTrekSample-frameworks.sh\"\n";
			showEnvVarsInLog = 0;
		};
/* End PBXShellScriptBuildPhase section */

/* Begin PBXSourcesBuildPhase section */
		11B463951D51C962007591CE /* Sources */ = {
			isa = PBXSourcesBuildPhase;
			buildActionMask = 2147483647;
			files = (
				0823B8F3263AAC8D00B12A8F /* TrackerViewController.m in Sources */,
				11B463C41D51D312007591CE /* MainPageViewController.m in Sources */,
				087B0FC226E9B33C00DD624E /* empty.swift in Sources */,
				11E4EC6022FC186F00BD194E /* CommonPostTableViewCell.m in Sources */,
				E164EFA32A418848005B240B /* AdmobNativeAdDemoCell.m in Sources */,
				0823B8EE263AA2A000B12A8F /* AdItemViewController.m in Sources */,
				11B463A11D51C962007591CE /* AppDelegate.m in Sources */,
				0823B8FA263AAD6900B12A8F /* TrackerDetailViewController.m in Sources */,
				0823B902263AB52500B12A8F /* TrekSuprAdTableViewCell.m in Sources */,
				0828A6E7261472C90094D6FC /* DemoBannerAdViewController.m in Sources */,
				11B4639E1D51C962007591CE /* main.m in Sources */,
				11B463B61D51CAEB007591CE /* PostTableViewCell.m in Sources */,
				E1D872752A400E0D0007066E /* AdmobBannerAdDemoVC.m in Sources */,
				11E4EC5C22FC17E500BD194E /* DemoSuprAdViewController.m in Sources */,
				11E4EC5B22FC17E500BD194E /* DemoNativeAdViewController.m in Sources */,
				E1D872782A400E290007066E /* AdmobSuprAdDemoVC.m in Sources */,
				E1D8726F2A400D940007066E /* AdmobNativeAdDemoVC.m in Sources */,
			);
			runOnlyForDeploymentPostprocessing = 0;
		};
/* End PBXSourcesBuildPhase section */

/* Begin PBXVariantGroup section */
		11B463A51D51C962007591CE /* Main.storyboard */ = {
			isa = PBXVariantGroup;
			children = (
				11B463A61D51C962007591CE /* Base */,
			);
			name = Main.storyboard;
			sourceTree = "<group>";
		};
		11B463AA1D51C962007591CE /* LaunchScreen.storyboard */ = {
			isa = PBXVariantGroup;
			children = (
				11B463AB1D51C962007591CE /* Base */,
			);
			name = LaunchScreen.storyboard;
			sourceTree = "<group>";
		};
/* End PBXVariantGroup section */

/* Begin XCBuildConfiguration section */
		11B463AE1D51C962007591CE /* Debug */ = {
			isa = XCBuildConfiguration;
			buildSettings = {
				ALWAYS_SEARCH_USER_PATHS = NO;
				CLANG_ANALYZER_NONNULL = YES;
				CLANG_CXX_LANGUAGE_STANDARD = "gnu++0x";
				CLANG_CXX_LIBRARY = "libc++";
				CLANG_ENABLE_MODULES = YES;
				CLANG_ENABLE_OBJC_ARC = YES;
				CLANG_WARN_BOOL_CONVERSION = YES;
				CLANG_WARN_CONSTANT_CONVERSION = YES;
				CLANG_WARN_DIRECT_OBJC_ISA_USAGE = YES_ERROR;
				CLANG_WARN_EMPTY_BODY = YES;
				CLANG_WARN_ENUM_CONVERSION = YES;
				CLANG_WARN_INT_CONVERSION = YES;
				CLANG_WARN_OBJC_ROOT_CLASS = YES_ERROR;
				CLANG_WARN_UNREACHABLE_CODE = YES;
				CLANG_WARN__DUPLICATE_METHOD_MATCH = YES;
				"CODE_SIGN_IDENTITY[sdk=iphoneos*]" = "iPhone Developer";
				COPY_PHASE_STRIP = NO;
				DEBUG_INFORMATION_FORMAT = dwarf;
				ENABLE_STRICT_OBJC_MSGSEND = YES;
				ENABLE_TESTABILITY = YES;
				GCC_C_LANGUAGE_STANDARD = gnu99;
				GCC_DYNAMIC_NO_PIC = NO;
				GCC_NO_COMMON_BLOCKS = YES;
				GCC_OPTIMIZATION_LEVEL = 0;
				GCC_PREPROCESSOR_DEFINITIONS = (
					"DEBUG=1",
					"$(inherited)",
				);
				GCC_WARN_64_TO_32_BIT_CONVERSION = YES;
				GCC_WARN_ABOUT_RETURN_TYPE = YES_ERROR;
				GCC_WARN_UNDECLARED_SELECTOR = YES;
				GCC_WARN_UNINITIALIZED_AUTOS = YES_AGGRESSIVE;
				GCC_WARN_UNUSED_FUNCTION = YES;
				GCC_WARN_UNUSED_VARIABLE = YES;
				IPHONEOS_DEPLOYMENT_TARGET = 11.0;
				MTL_ENABLE_DEBUG_INFO = YES;
				ONLY_ACTIVE_ARCH = YES;
				SDKROOT = iphoneos;
			};
			name = Debug;
		};
		11B463AF1D51C962007591CE /* Release */ = {
			isa = XCBuildConfiguration;
			buildSettings = {
				ALWAYS_SEARCH_USER_PATHS = NO;
				CLANG_ANALYZER_NONNULL = YES;
				CLANG_CXX_LANGUAGE_STANDARD = "gnu++0x";
				CLANG_CXX_LIBRARY = "libc++";
				CLANG_ENABLE_MODULES = YES;
				CLANG_ENABLE_OBJC_ARC = YES;
				CLANG_WARN_BOOL_CONVERSION = YES;
				CLANG_WARN_CONSTANT_CONVERSION = YES;
				CLANG_WARN_DIRECT_OBJC_ISA_USAGE = YES_ERROR;
				CLANG_WARN_EMPTY_BODY = YES;
				CLANG_WARN_ENUM_CONVERSION = YES;
				CLANG_WARN_INT_CONVERSION = YES;
				CLANG_WARN_OBJC_ROOT_CLASS = YES_ERROR;
				CLANG_WARN_UNREACHABLE_CODE = YES;
				CLANG_WARN__DUPLICATE_METHOD_MATCH = YES;
				"CODE_SIGN_IDENTITY[sdk=iphoneos*]" = "iPhone Developer";
				COPY_PHASE_STRIP = NO;
				DEBUG_INFORMATION_FORMAT = "dwarf-with-dsym";
				ENABLE_NS_ASSERTIONS = NO;
				ENABLE_STRICT_OBJC_MSGSEND = YES;
				GCC_C_LANGUAGE_STANDARD = gnu99;
				GCC_NO_COMMON_BLOCKS = YES;
				GCC_WARN_64_TO_32_BIT_CONVERSION = YES;
				GCC_WARN_ABOUT_RETURN_TYPE = YES_ERROR;
				GCC_WARN_UNDECLARED_SELECTOR = YES;
				GCC_WARN_UNINITIALIZED_AUTOS = YES_AGGRESSIVE;
				GCC_WARN_UNUSED_FUNCTION = YES;
				GCC_WARN_UNUSED_VARIABLE = YES;
				IPHONEOS_DEPLOYMENT_TARGET = 11.0;
				MTL_ENABLE_DEBUG_INFO = NO;
				SDKROOT = iphoneos;
				VALIDATE_PRODUCT = YES;
			};
			name = Release;
		};
		11B463B11D51C962007591CE /* Debug */ = {
			isa = XCBuildConfiguration;
			baseConfigurationReference = 07B8FC8636B099C7D8FC77BD /* Pods-AotterTrekSample.debug.xcconfig */;
			buildSettings = {
				ASSETCATALOG_COMPILER_APPICON_NAME = AppIcon;
				CLANG_ENABLE_MODULES = YES;
				DEVELOPMENT_TEAM = UX5VYFQ2PJ;
				FRAMEWORK_SEARCH_PATHS = (
					"$(inherited)",
					"$(PROJECT_DIR)/AotterTrekSample",
				);
				INFOPLIST_FILE = AotterTrekSample/Info.plist;
				IPHONEOS_DEPLOYMENT_TARGET = 11.0;
				LD_RUNPATH_SEARCH_PATHS = (
					"$(inherited)",
					"@executable_path/Frameworks",
				);
				PRODUCT_BUNDLE_IDENTIFIER = com.aotter.AotterTrekSample;
				PRODUCT_NAME = "$(TARGET_NAME)";
				SWIFT_OBJC_BRIDGING_HEADER = "AotterTrekSample-Bridging-Header.h";
				SWIFT_OPTIMIZATION_LEVEL = "-Onone";
				SWIFT_VERSION = 5.0;
			};
			name = Debug;
		};
		11B463B21D51C962007591CE /* Release */ = {
			isa = XCBuildConfiguration;
			baseConfigurationReference = 564CBF65EBDA2DBCFCA8D894 /* Pods-AotterTrekSample.release.xcconfig */;
			buildSettings = {
				ASSETCATALOG_COMPILER_APPICON_NAME = AppIcon;
				CLANG_ENABLE_MODULES = YES;
				DEVELOPMENT_TEAM = UX5VYFQ2PJ;
				FRAMEWORK_SEARCH_PATHS = (
					"$(inherited)",
					"$(PROJECT_DIR)/AotterTrekSample",
				);
				INFOPLIST_FILE = AotterTrekSample/Info.plist;
				IPHONEOS_DEPLOYMENT_TARGET = 11.0;
				LD_RUNPATH_SEARCH_PATHS = (
					"$(inherited)",
					"@executable_path/Frameworks",
				);
				PRODUCT_BUNDLE_IDENTIFIER = com.aotter.AotterTrekSample;
				PRODUCT_NAME = "$(TARGET_NAME)";
				SWIFT_OBJC_BRIDGING_HEADER = "AotterTrekSample-Bridging-Header.h";
				SWIFT_VERSION = 5.0;
			};
			name = Release;
		};
/* End XCBuildConfiguration section */

/* Begin XCConfigurationList section */
		11B463941D51C962007591CE /* Build configuration list for PBXProject "AotterTrekSample" */ = {
			isa = XCConfigurationList;
			buildConfigurations = (
				11B463AE1D51C962007591CE /* Debug */,
				11B463AF1D51C962007591CE /* Release */,
			);
			defaultConfigurationIsVisible = 0;
			defaultConfigurationName = Release;
		};
		11B463B01D51C962007591CE /* Build configuration list for PBXNativeTarget "AotterTrekSample" */ = {
			isa = XCConfigurationList;
			buildConfigurations = (
				11B463B11D51C962007591CE /* Debug */,
				11B463B21D51C962007591CE /* Release */,
			);
			defaultConfigurationIsVisible = 0;
			defaultConfigurationName = Release;
		};
/* End XCConfigurationList section */
	};
	rootObject = 11B463911D51C962007591CE /* Project object */;
}
